lockfileVersion: '6.0'

importers:

  .:
    dependencies:
'@ethersproject/abstract-provider':
        specifier: ^5.7.0
        version: 5.7.0
'@ethersproject/bytes':
        specifier: ^5.7.0
        version: 5.7.0
 '@graphql-typed-document-node/core':
        specifier: ^3.1.2
 version: 3.1.2(graphql@16.6.0)
      '@urql/core':
 specifier: ^3.0.5
